
Microsoft Visual Studio Solution File, Format Version 12.00
# Visual Studio Version 17
VisualStudioVersion = 17.1.32228.430
MinimumVisualStudioVersion = 10.0.40219.1
Project("{9A19103F-16F7-4668-BE54-9A1E7A4F7556}") = "Server", "Server\Server.csproj", "{57C0C7EA-50C2-4A63-B83E-1D0F7EC507AE}"
EndProject
Project("{9A19103F-16F7-4668-BE54-9A1E7A4F7556}") = "Client", "Client\Client.csproj", "{58C3C2CF-7DD8-480A-A9B1-44A5D0B25204}"
EndProject
Project("{D954291E-2A0B-460D-934E-DC6B0785DB48}") = "Shared", "Shared\Shared.shproj", "{370669BF-1F9F-40D7-BF15-69B9C0266806}"
EndProject
Project("{9A19103F-16F7-4668-BE54-9A1E7A4F7556}") = "Test", "TestProject\Test.csproj", "{55FB82ED-C502-4E40-9162-DD885B0DC2FE}"
EndProject
Global
	GlobalSection(SolutionConfigurationPlatforms) = preSolution
		Debug|Any CPU = Debug|Any CPU
		Release|Any CPU = Release|Any CPU
	EndGlobalSection
	GlobalSection(ProjectConfigurationPlatforms) = postSolution
		{57C0C7EA-50C2-4A63-B83E-1D0F7EC507AE}.Debug|Any CPU.ActiveCfg = Debug|Any CPU
		{57C0C7EA-50C2-4A63-B83E-1D0F7EC507AE}.Debug|Any CPU.Build.0 = Debug|Any CPU
		{57C0C7EA-50C2-4A63-B83E-1D0F7EC507AE}.Release|Any CPU.ActiveCfg = Release|Any CPU
		{57C0C7EA-50C2-4A63-B83E-1D0F7EC507AE}.Release|Any CPU.Build.0 = Release|Any CPU
		{58C3C2CF-7DD8-480A-A9B1-44A5D0B25204}.Debug|Any CPU.ActiveCfg = Debug|Any CPU
		{58C3C2CF-7DD8-480A-A9B1-44A5D0B25204}.Debug|Any CPU.Build.0 = Debug|Any CPU
		{58C3C2CF-7DD8-480A-A9B1-44A5D0B25204}.Release|Any CPU.ActiveCfg = Release|Any CPU
		{58C3C2CF-7DD8-480A-A9B1-44A5D0B25204}.Release|Any CPU.Build.0 = Release|Any CPU
		{55FB82ED-C502-4E40-9162-DD885B0DC2FE}.Debug|Any CPU.ActiveCfg = Debug|Any CPU
		{55FB82ED-C502-4E40-9162-DD885B0DC2FE}.Debug|Any CPU.Build.0 = Debug|Any CPU
		{55FB82ED-C502-4E40-9162-DD885B0DC2FE}.Release|Any CPU.ActiveCfg = Release|Any CPU
		{55FB82ED-C502-4E40-9162-DD885B0DC2FE}.Release|Any CPU.Build.0 = Release|Any CPU
	EndGlobalSection
	GlobalSection(SolutionProperties) = preSolution
		HideSolutionNode = FALSE
	EndGlobalSection
	GlobalSection(ExtensibilityGlobals) = postSolution
		SolutionGuid = {08734CA9-6703-46C0-BF41-C99EF1555096}
	EndGlobalSection
	GlobalSection(SharedMSBuildProjectFiles) = preSolution
		Shared\Shared.projitems*{370669bf-1f9f-40d7-bf15-69b9c0266806}*SharedItemsImports = 13
		Shared\Shared.projitems*{55fb82ed-c502-4e40-9162-dd885b0dc2fe}*SharedItemsImports = 5
		Shared\Shared.projitems*{57c0c7ea-50c2-4a63-b83e-1d0f7ec507ae}*SharedItemsImports = 5
		Shared\Shared.projitems*{58c3c2cf-7dd8-480a-a9b1-44a5d0b25204}*SharedItemsImports = 5
	EndGlobalSection
EndGlobal
